PODS:
  - ChameleonFramework/Default (2.1.0)
  - ChameleonFramework/Swift (2.1.0):
    - ChameleonFramework/Default
  - PageMenuKitSwift (1.1.2)

DEPENDENCIES:
  - ChameleonFramework/Swift (from `https://github.com/ViccAlexander/Chameleon.git`)
  - PageMenuKitSwift

SPEC REPOS:
  https://github.com/cocoapods/specs.git:
    - PageMenuKitSwift

EXTERNAL SOURCES:
  ChameleonFramework:
    :git: https://github.com/ViccAlexander/Chameleon.git

CHECKOUT OPTIONS:
  ChameleonFramework:
    :commit: 6dd284bde21ea2e7f9fd89bc36f40df16e16369d
    :git: https://github.com/ViccAlexander/Chameleon.git

SPEC CHECKSUMS:
  ChameleonFramework: d21a3cc247abfe5e37609a283a8238b03575cf64
  PageMenuKitSwift: 4fb413c0ae16e629659bd5c6aa24df1d08fdad4b

PODFILE CHECKSUM: e28fd78661f5b0edd0ad16ef11078e2df6617d7e

COCOAPODS: 1.5.3
