// !$*UTF8*$!
{
	archiveVersion = 1;
	classes = {
	};
	objectVersion = 50;
	objects = {

/* Begin PBXBuildFile section */
		0D80FB2EF586407D9C30C1F9 /* Pods_Cleanr.framework in Frameworks */ = {isa = PBXBuildFile; fileRef = 842DC04C7C9D2D2AD59000C9 /* Pods_Cleanr.framework */; };
		BA200B6B211DCECF00C5E0F8 /* AdminLoginViewController.swift in Sources */ = {isa = PBXBuildFile; fileRef = BA200B6A211DCECF00C5E0F8 /* AdminLoginViewController.swift */; };
		BA200B72211DEC4900C5E0F8 /* CustomTimeSheetCell.swift in Sources */ = {isa = PBXBuildFile; fileRef = BA200B71211DEC4900C5E0F8 /* CustomTimeSheetCell.swift */; };
		BA493F9A21233C160089868F /* CleanerAllJobsViewController.swift in Sources */ = {isa = PBXBuildFile; fileRef = BA493F9921233C160089868F /* CleanerAllJobsViewController.swift */; };
		BA493F9C212343F60089868F /* CleanerAllJobsTableViewCell.swift in Sources */ = {isa = PBXBuildFile; fileRef = BA493F9B212343F60089868F /* CleanerAllJobsTableViewCell.swift */; };
		BA757D002119FA4000123C52 /* AdminPageThreeViewController.swift in Sources */ = {isa = PBXBuildFile; fileRef = BA757CFF2119FA4000123C52 /* AdminPageThreeViewController.swift */; };
		BA8E45442110BE0F00BEF918 /* AppDelegate.swift in Sources */ = {isa = PBXBuildFile; fileRef = BA8E45432110BE0F00BEF918 /* AppDelegate.swift */; };
		BA8E45462110BE0F00BEF918 /* ViewController.swift in Sources */ = {isa = PBXBuildFile; fileRef = BA8E45452110BE0F00BEF918 /* ViewController.swift */; };
		BA8E454B2110BE1300BEF918 /* Assets.xcassets in Resources */ = {isa = PBXBuildFile; fileRef = BA8E454A2110BE1300BEF918 /* Assets.xcassets */; };
		BA9BAEAD2119500B00F99A6B /* RootViewController.swift in Sources */ = {isa = PBXBuildFile; fileRef = BA9BAEAC2119500B00F99A6B /* RootViewController.swift */; };
		BA9BAEAF211950DA00F99A6B /* AdminPageOneViewController.swift in Sources */ = {isa = PBXBuildFile; fileRef = BA9BAEAE211950DA00F99A6B /* AdminPageOneViewController.swift */; };
		BA9BAEB12119518800F99A6B /* AdminPageTwoViewController.swift in Sources */ = {isa = PBXBuildFile; fileRef = BA9BAEB02119518800F99A6B /* AdminPageTwoViewController.swift */; };
		D67D96D72111D3AE00370B4B /* LaunchScreen.storyboard in Resources */ = {isa = PBXBuildFile; fileRef = D67D96D52111D3AE00370B4B /* LaunchScreen.storyboard */; };
		D67D96D82111D3AE00370B4B /* Main.storyboard in Resources */ = {isa = PBXBuildFile; fileRef = D67D96D62111D3AE00370B4B /* Main.storyboard */; };
/* End PBXBuildFile section */

/* Begin PBXFileReference section */
		0E379DD12126D1B328166343 /* Pods-Cleanr.release.xcconfig */ = {isa = PBXFileReference; includeInIndex = 1; lastKnownFileType = text.xcconfig; name = "Pods-Cleanr.release.xcconfig"; path = "Pods/Target Support Files/Pods-Cleanr/Pods-Cleanr.release.xcconfig"; sourceTree = "<group>"; };
		7485FEB7010485B7AD1285DC /* Pods-Cleanr.debug.xcconfig */ = {isa = PBXFileReference; includeInIndex = 1; lastKnownFileType = text.xcconfig; name = "Pods-Cleanr.debug.xcconfig"; path = "Pods/Target Support Files/Pods-Cleanr/Pods-Cleanr.debug.xcconfig"; sourceTree = "<group>"; };
		842DC04C7C9D2D2AD59000C9 /* Pods_Cleanr.framework */ = {isa = PBXFileReference; explicitFileType = wrapper.framework; includeInIndex = 0; path = Pods_Cleanr.framework; sourceTree = BUILT_PRODUCTS_DIR; };
		BA200B6A211DCECF00C5E0F8 /* AdminLoginViewController.swift */ = {isa = PBXFileReference; lastKnownFileType = sourcecode.swift; path = AdminLoginViewController.swift; sourceTree = "<group>"; };
		BA200B71211DEC4900C5E0F8 /* CustomTimeSheetCell.swift */ = {isa = PBXFileReference; lastKnownFileType = sourcecode.swift; path = CustomTimeSheetCell.swift; sourceTree = "<group>"; };
		BA493F9921233C160089868F /* CleanerAllJobsViewController.swift */ = {isa = PBXFileReference; lastKnownFileType = sourcecode.swift; path = CleanerAllJobsViewController.swift; sourceTree = "<group>"; };
		BA493F9B212343F60089868F /* CleanerAllJobsTableViewCell.swift */ = {isa = PBXFileReference; lastKnownFileType = sourcecode.swift; path = CleanerAllJobsTableViewCell.swift; sourceTree = "<group>"; };
		BA757CFF2119FA4000123C52 /* AdminPageThreeViewController.swift */ = {isa = PBXFileReference; lastKnownFileType = sourcecode.swift; path = AdminPageThreeViewController.swift; sourceTree = "<group>"; };
		BA8E45402110BE0F00BEF918 /* Cleanr.app */ = {isa = PBXFileReference; explicitFileType = wrapper.application; includeInIndex = 0; path = Cleanr.app; sourceTree = BUILT_PRODUCTS_DIR; };
		BA8E45432110BE0F00BEF918 /* AppDelegate.swift */ = {isa = PBXFileReference; lastKnownFileType = sourcecode.swift; path = AppDelegate.swift; sourceTree = "<group>"; };
		BA8E45452110BE0F00BEF918 /* ViewController.swift */ = {isa = PBXFileReference; lastKnownFileType = sourcecode.swift; path = ViewController.swift; sourceTree = "<group>"; };
		BA8E454A2110BE1300BEF918 /* Assets.xcassets */ = {isa = PBXFileReference; lastKnownFileType = folder.assetcatalog; path = Assets.xcassets; sourceTree = "<group>"; };
		BA8E454F2110BE1300BEF918 /* Info.plist */ = {isa = PBXFileReference; lastKnownFileType = text.plist.xml; path = Info.plist; sourceTree = "<group>"; };
		BA9BAEAC2119500B00F99A6B /* RootViewController.swift */ = {isa = PBXFileReference; lastKnownFileType = sourcecode.swift; path = RootViewController.swift; sourceTree = "<group>"; };
		BA9BAEAE211950DA00F99A6B /* AdminPageOneViewController.swift */ = {isa = PBXFileReference; lastKnownFileType = sourcecode.swift; path = AdminPageOneViewController.swift; sourceTree = "<group>"; };
		BA9BAEB02119518800F99A6B /* AdminPageTwoViewController.swift */ = {isa = PBXFileReference; lastKnownFileType = sourcecode.swift; path = AdminPageTwoViewController.swift; sourceTree = "<group>"; };
		D67D96D52111D3AE00370B4B /* LaunchScreen.storyboard */ = {isa = PBXFileReference; fileEncoding = 4; lastKnownFileType = file.storyboard; path = LaunchScreen.storyboard; sourceTree = "<group>"; };
		D67D96D62111D3AE00370B4B /* Main.storyboard */ = {isa = PBXFileReference; fileEncoding = 4; lastKnownFileType = file.storyboard; path = Main.storyboard; sourceTree = "<group>"; };
/* End PBXFileReference section */

/* Begin PBXFrameworksBuildPhase section */
		BA8E453D2110BE0F00BEF918 /* Frameworks */ = {
			isa = PBXFrameworksBuildPhase;
			buildActionMask = 2147483647;
			files = (
				0D80FB2EF586407D9C30C1F9 /* Pods_Cleanr.framework in Frameworks */,
			);
			runOnlyForDeploymentPostprocessing = 0;
		};
/* End PBXFrameworksBuildPhase section */

/* Begin PBXGroup section */
		8FEC18B80489998280CF8F65 /* Pods */ = {
			isa = PBXGroup;
			children = (
				7485FEB7010485B7AD1285DC /* Pods-Cleanr.debug.xcconfig */,
				0E379DD12126D1B328166343 /* Pods-Cleanr.release.xcconfig */,
			);
			name = Pods;
			sourceTree = "<group>";
		};
		BA200B70211DEA0200C5E0F8 /* Admin Tabs */ = {
			isa = PBXGroup;
			children = (
				BA9BAEAC2119500B00F99A6B /* RootViewController.swift */,
				BA493F9F21234DC30089868F /* Add new */,
				BA493F9E21234DAB0089868F /* Jobs */,
				BA493F9D21234D880089868F /* Timesheet */,
			);
			path = "Admin Tabs";
			sourceTree = "<group>";
		};
		BA493F9D21234D880089868F /* Timesheet */ = {
			isa = PBXGroup;
			children = (
				BA757CFF2119FA4000123C52 /* AdminPageThreeViewController.swift */,
				BA493F9921233C160089868F /* CleanerAllJobsViewController.swift */,
			);
			path = Timesheet;
			sourceTree = "<group>";
		};
		BA493F9E21234DAB0089868F /* Jobs */ = {
			isa = PBXGroup;
			children = (
				BA9BAEB02119518800F99A6B /* AdminPageTwoViewController.swift */,
			);
			path = Jobs;
			sourceTree = "<group>";
		};
		BA493F9F21234DC30089868F /* Add new */ = {
			isa = PBXGroup;
			children = (
				BA9BAEAE211950DA00F99A6B /* AdminPageOneViewController.swift */,
			);
			path = "Add new";
			sourceTree = "<group>";
		};
		BA8E45372110BE0E00BEF918 = {
			isa = PBXGroup;
			children = (
				BA8E45422110BE0F00BEF918 /* Cleanr */,
				BA8E45412110BE0F00BEF918 /* Products */,
				8FEC18B80489998280CF8F65 /* Pods */,
				EEEFD41AEB1F8E1BFE4225D6 /* Frameworks */,
			);
			sourceTree = "<group>";
		};
		BA8E45412110BE0F00BEF918 /* Products */ = {
			isa = PBXGroup;
			children = (
				BA8E45402110BE0F00BEF918 /* Cleanr.app */,
			);
			name = Products;
			sourceTree = "<group>";
		};
		BA8E45422110BE0F00BEF918 /* Cleanr */ = {
			isa = PBXGroup;
			children = (
				BA8E45432110BE0F00BEF918 /* AppDelegate.swift */,
				BAC51569211F0FDE00F12940 /* View */,
				BAC5156A211F0FED00F12940 /* Controllers */,
				BAC5156C211F108A00F12940 /* Custom Cell */,
				BAC5156B211F105200F12940 /* Supporting files */,
				BA8E454F2110BE1300BEF918 /* Info.plist */,
			);
			path = Cleanr;
			sourceTree = "<group>";
		};
		BAC51569211F0FDE00F12940 /* View */ = {
			isa = PBXGroup;
			children = (
				D67D96D62111D3AE00370B4B /* Main.storyboard */,
			);
			path = View;
			sourceTree = "<group>";
		};
		BAC5156A211F0FED00F12940 /* Controllers */ = {
			isa = PBXGroup;
			children = (
				BA8E45452110BE0F00BEF918 /* ViewController.swift */,
				BA200B6A211DCECF00C5E0F8 /* AdminLoginViewController.swift */,
				BA200B70211DEA0200C5E0F8 /* Admin Tabs */,
			);
			path = Controllers;
			sourceTree = "<group>";
		};
		BAC5156B211F105200F12940 /* Supporting files */ = {
			isa = PBXGroup;
			children = (
				BA8E454A2110BE1300BEF918 /* Assets.xcassets */,
				D67D96D52111D3AE00370B4B /* LaunchScreen.storyboard */,
			);
			path = "Supporting files";
			sourceTree = "<group>";
		};
		BAC5156C211F108A00F12940 /* Custom Cell */ = {
			isa = PBXGroup;
			children = (
				BA200B71211DEC4900C5E0F8 /* CustomTimeSheetCell.swift */,
				BA493F9B212343F60089868F /* CleanerAllJobsTableViewCell.swift */,
			);
			path = "Custom Cell";
			sourceTree = "<group>";
		};
		EEEFD41AEB1F8E1BFE4225D6 /* Frameworks */ = {
			isa = PBXGroup;
			children = (
				842DC04C7C9D2D2AD59000C9 /* Pods_Cleanr.framework */,
			);
			name = Frameworks;
			sourceTree = "<group>";
		};
/* End PBXGroup section */

/* Begin PBXNativeTarget section */
		BA8E453F2110BE0F00BEF918 /* Cleanr */ = {
			isa = PBXNativeTarget;
			buildConfigurationList = BA8E45522110BE1300BEF918 /* Build configuration list for PBXNativeTarget "Cleanr" */;
			buildPhases = (
				A85F308A16DE862FC7CE8DF6 /* [CP] Check Pods Manifest.lock */,
				BA8E453C2110BE0F00BEF918 /* Sources */,
				BA8E453D2110BE0F00BEF918 /* Frameworks */,
				BA8E453E2110BE0F00BEF918 /* Resources */,
				9A100D75B6CFC58283DDC78E /* [CP] Embed Pods Frameworks */,
			);
			buildRules = (
			);
			dependencies = (
			);
			name = Cleanr;
			productName = Cleanr;
			productReference = BA8E45402110BE0F00BEF918 /* Cleanr.app */;
			productType = "com.apple.product-type.application";
		};
/* End PBXNativeTarget section */

/* Begin PBXProject section */
		BA8E45382110BE0E00BEF918 /* Project object */ = {
			isa = PBXProject;
			attributes = {
				LastSwiftUpdateCheck = 0930;
				LastUpgradeCheck = 0930;
				ORGANIZATIONNAME = "vishwajeet jadeja";
				TargetAttributes = {
					BA8E453F2110BE0F00BEF918 = {
						CreatedOnToolsVersion = 9.3.1;
					};
				};
			};
			buildConfigurationList = BA8E453B2110BE0E00BEF918 /* Build configuration list for PBXProject "Cleanr" */;
			compatibilityVersion = "Xcode 9.3";
			developmentRegion = en;
			hasScannedForEncodings = 0;
			knownRegions = (
				en,
				Base,
			);
			mainGroup = BA8E45372110BE0E00BEF918;
			productRefGroup = BA8E45412110BE0F00BEF918 /* Products */;
			projectDirPath = "";
			projectRoot = "";
			targets = (
				BA8E453F2110BE0F00BEF918 /* Cleanr */,
			);
		};
/* End PBXProject section */

/* Begin PBXResourcesBuildPhase section */
		BA8E453E2110BE0F00BEF918 /* Resources */ = {
			isa = PBXResourcesBuildPhase;
			buildActionMask = 2147483647;
			files = (
				D67D96D82111D3AE00370B4B /* Main.storyboard in Resources */,
				BA8E454B2110BE1300BEF918 /* Assets.xcassets in Resources */,
				D67D96D72111D3AE00370B4B /* LaunchScreen.storyboard in Resources */,
			);
			runOnlyForDeploymentPostprocessing = 0;
		};
/* End PBXResourcesBuildPhase section */

/* Begin PBXShellScriptBuildPhase section */
		9A100D75B6CFC58283DDC78E /* [CP] Embed Pods Frameworks */ = {
			isa = PBXShellScriptBuildPhase;
			buildActionMask = 2147483647;
			files = (
			);
			inputPaths = (
				"${SRCROOT}/Pods/Target Support Files/Pods-Cleanr/Pods-Cleanr-frameworks.sh",
				"${BUILT_PRODUCTS_DIR}/ChameleonFramework/ChameleonFramework.framework",
				"${BUILT_PRODUCTS_DIR}/PageMenuKitSwift/PageMenuKitSwift.framework",
			);
			name = "[CP] Embed Pods Frameworks";
			outputPaths = (
				"${TARGET_BUILD_DIR}/${FRAMEWORKS_FOLDER_PATH}/ChameleonFramework.framework",
				"${TARGET_BUILD_DIR}/${FRAMEWORKS_FOLDER_PATH}/PageMenuKitSwift.framework",
			);
			runOnlyForDeploymentPostprocessing = 0;
			shellPath = /bin/sh;
			shellScript = "\"${SRCROOT}/Pods/Target Support Files/Pods-Cleanr/Pods-Cleanr-frameworks.sh\"\n";
			showEnvVarsInLog = 0;
		};
		A85F308A16DE862FC7CE8DF6 /* [CP] Check Pods Manifest.lock */ = {
			isa = PBXShellScriptBuildPhase;
			buildActionMask = 2147483647;
			files = (
			);
			inputPaths = (
				"${PODS_PODFILE_DIR_PATH}/Podfile.lock",
				"${PODS_ROOT}/Manifest.lock",
			);
			name = "[CP] Check Pods Manifest.lock";
			outputPaths = (
				"$(DERIVED_FILE_DIR)/Pods-Cleanr-checkManifestLockResult.txt",
			);
			runOnlyForDeploymentPostprocessing = 0;
			shellPath = /bin/sh;
			shellScript = "diff \"${PODS_PODFILE_DIR_PATH}/Podfile.lock\" \"${PODS_ROOT}/Manifest.lock\" > /dev/null\nif [ $? != 0 ] ; then\n    # print error to STDERR\n    echo \"error: The sandbox is not in sync with the Podfile.lock. Run 'pod install' or update your CocoaPods installation.\" >&2\n    exit 1\nfi\n# This output is used by Xcode 'outputs' to avoid re-running this script phase.\necho \"SUCCESS\" > \"${SCRIPT_OUTPUT_FILE_0}\"\n";
			showEnvVarsInLog = 0;
		};
/* End PBXShellScriptBuildPhase section */

/* Begin PBXSourcesBuildPhase section */
		BA8E453C2110BE0F00BEF918 /* Sources */ = {
			isa = PBXSourcesBuildPhase;
			buildActionMask = 2147483647;
			files = (
				BA757D002119FA4000123C52 /* AdminPageThreeViewController.swift in Sources */,
				BA200B6B211DCECF00C5E0F8 /* AdminLoginViewController.swift in Sources */,
				BA493F9C212343F60089868F /* CleanerAllJobsTableViewCell.swift in Sources */,
				BA200B72211DEC4900C5E0F8 /* CustomTimeSheetCell.swift in Sources */,
				BA9BAEAF211950DA00F99A6B /* AdminPageOneViewController.swift in Sources */,
				BA8E45462110BE0F00BEF918 /* ViewController.swift in Sources */,
				BA8E45442110BE0F00BEF918 /* AppDelegate.swift in Sources */,
				BA9BAEAD2119500B00F99A6B /* RootViewController.swift in Sources */,
				BA9BAEB12119518800F99A6B /* AdminPageTwoViewController.swift in Sources */,
				BA493F9A21233C160089868F /* CleanerAllJobsViewController.swift in Sources */,
			);
			runOnlyForDeploymentPostprocessing = 0;
		};
/* End PBXSourcesBuildPhase section */

/* Begin XCBuildConfiguration section */
		BA8E45502110BE1300BEF918 /* Debug */ = {
			isa = XCBuildConfiguration;
			buildSettings = {
				ALWAYS_SEARCH_USER_PATHS = NO;
				CLANG_ANALYZER_NONNULL = YES;
				CLANG_ANALYZER_NUMBER_OBJECT_CONVERSION = YES_AGGRESSIVE;
				CLANG_CXX_LANGUAGE_STANDARD = "gnu++14";
				CLANG_CXX_LIBRARY = "libc++";
				CLANG_ENABLE_MODULES = YES;
				CLANG_ENABLE_OBJC_ARC = YES;
				CLANG_ENABLE_OBJC_WEAK = YES;
				CLANG_WARN_BLOCK_CAPTURE_AUTORELEASING = YES;
				CLANG_WARN_BOOL_CONVERSION = YES;
				CLANG_WARN_COMMA = YES;
				CLANG_WARN_CONSTANT_CONVERSION = YES;
				CLANG_WARN_DEPRECATED_OBJC_IMPLEMENTATIONS = YES;
				CLANG_WARN_DIRECT_OBJC_ISA_USAGE = YES_ERROR;
				CLANG_WARN_DOCUMENTATION_COMMENTS = YES;
				CLANG_WARN_EMPTY_BODY = YES;
				CLANG_WARN_ENUM_CONVERSION = YES;
				CLANG_WARN_INFINITE_RECURSION = YES;
				CLANG_WARN_INT_CONVERSION = YES;
				CLANG_WARN_NON_LITERAL_NULL_CONVERSION = YES;
				CLANG_WARN_OBJC_IMPLICIT_RETAIN_SELF = YES;
				CLANG_WARN_OBJC_LITERAL_CONVERSION = YES;
				CLANG_WARN_OBJC_ROOT_CLASS = YES_ERROR;
				CLANG_WARN_RANGE_LOOP_ANALYSIS = YES;
				CLANG_WARN_STRICT_PROTOTYPES = YES;
				CLANG_WARN_SUSPICIOUS_MOVE = YES;
				CLANG_WARN_UNGUARDED_AVAILABILITY = YES_AGGRESSIVE;
				CLANG_WARN_UNREACHABLE_CODE = YES;
				CLANG_WARN__DUPLICATE_METHOD_MATCH = YES;
				CODE_SIGN_IDENTITY = "iPhone Developer";
				COPY_PHASE_STRIP = NO;
				DEBUG_INFORMATION_FORMAT = dwarf;
				ENABLE_STRICT_OBJC_MSGSEND = YES;
				ENABLE_TESTABILITY = YES;
				GCC_C_LANGUAGE_STANDARD = gnu11;
				GCC_DYNAMIC_NO_PIC = NO;
				GCC_NO_COMMON_BLOCKS = YES;
				GCC_OPTIMIZATION_LEVEL = 0;
				GCC_PREPROCESSOR_DEFINITIONS = (
					"DEBUG=1",
					"$(inherited)",
				);
				GCC_WARN_64_TO_32_BIT_CONVERSION = YES;
				GCC_WARN_ABOUT_RETURN_TYPE = YES_ERROR;
				GCC_WARN_UNDECLARED_SELECTOR = YES;
				GCC_WARN_UNINITIALIZED_AUTOS = YES_AGGRESSIVE;
				GCC_WARN_UNUSED_FUNCTION = YES;
				GCC_WARN_UNUSED_VARIABLE = YES;
				IPHONEOS_DEPLOYMENT_TARGET = 11.3;
				MTL_ENABLE_DEBUG_INFO = YES;
				ONLY_ACTIVE_ARCH = YES;
				SDKROOT = iphoneos;
				SWIFT_ACTIVE_COMPILATION_CONDITIONS = DEBUG;
				SWIFT_OPTIMIZATION_LEVEL = "-Onone";
			};
			name = Debug;
		};
		BA8E45512110BE1300BEF918 /* Release */ = {
			isa = XCBuildConfiguration;
			buildSettings = {
				ALWAYS_SEARCH_USER_PATHS = NO;
				CLANG_ANALYZER_NONNULL = YES;
				CLANG_ANALYZER_NUMBER_OBJECT_CONVERSION = YES_AGGRESSIVE;
				CLANG_CXX_LANGUAGE_STANDARD = "gnu++14";
				CLANG_CXX_LIBRARY = "libc++";
				CLANG_ENABLE_MODULES = YES;
				CLANG_ENABLE_OBJC_ARC = YES;
				CLANG_ENABLE_OBJC_WEAK = YES;
				CLANG_WARN_BLOCK_CAPTURE_AUTORELEASING = YES;
				CLANG_WARN_BOOL_CONVERSION = YES;
				CLANG_WARN_COMMA = YES;
				CLANG_WARN_CONSTANT_CONVERSION = YES;
				CLANG_WARN_DEPRECATED_OBJC_IMPLEMENTATIONS = YES;
				CLANG_WARN_DIRECT_OBJC_ISA_USAGE = YES_ERROR;
				CLANG_WARN_DOCUMENTATION_COMMENTS = YES;
				CLANG_WARN_EMPTY_BODY = YES;
				CLANG_WARN_ENUM_CONVERSION = YES;
				CLANG_WARN_INFINITE_RECURSION = YES;
				CLANG_WARN_INT_CONVERSION = YES;
				CLANG_WARN_NON_LITERAL_NULL_CONVERSION = YES;
				CLANG_WARN_OBJC_IMPLICIT_RETAIN_SELF = YES;
				CLANG_WARN_OBJC_LITERAL_CONVERSION = YES;
				CLANG_WARN_OBJC_ROOT_CLASS = YES_ERROR;
				CLANG_WARN_RANGE_LOOP_ANALYSIS = YES;
				CLANG_WARN_STRICT_PROTOTYPES = YES;
				CLANG_WARN_SUSPICIOUS_MOVE = YES;
				CLANG_WARN_UNGUARDED_AVAILABILITY = YES_AGGRESSIVE;
				CLANG_WARN_UNREACHABLE_CODE = YES;
				CLANG_WARN__DUPLICATE_METHOD_MATCH = YES;
				CODE_SIGN_IDENTITY = "iPhone Developer";
				COPY_PHASE_STRIP = NO;
				DEBUG_INFORMATION_FORMAT = "dwarf-with-dsym";
				ENABLE_NS_ASSERTIONS = NO;
				ENABLE_STRICT_OBJC_MSGSEND = YES;
				GCC_C_LANGUAGE_STANDARD = gnu11;
				GCC_NO_COMMON_BLOCKS = YES;
				GCC_WARN_64_TO_32_BIT_CONVERSION = YES;
				GCC_WARN_ABOUT_RETURN_TYPE = YES_ERROR;
				GCC_WARN_UNDECLARED_SELECTOR = YES;
				GCC_WARN_UNINITIALIZED_AUTOS = YES_AGGRESSIVE;
				GCC_WARN_UNUSED_FUNCTION = YES;
				GCC_WARN_UNUSED_VARIABLE = YES;
				IPHONEOS_DEPLOYMENT_TARGET = 11.3;
				MTL_ENABLE_DEBUG_INFO = NO;
				SDKROOT = iphoneos;
				SWIFT_COMPILATION_MODE = wholemodule;
				SWIFT_OPTIMIZATION_LEVEL = "-O";
				VALIDATE_PRODUCT = YES;
			};
			name = Release;
		};
		BA8E45532110BE1300BEF918 /* Debug */ = {
			isa = XCBuildConfiguration;
			baseConfigurationReference = 7485FEB7010485B7AD1285DC /* Pods-Cleanr.debug.xcconfig */;
			buildSettings = {
				ASSETCATALOG_COMPILER_APPICON_NAME = AppIcon;
				CODE_SIGN_STYLE = Automatic;
				DEVELOPMENT_TEAM = Z7T9BXGBRN;
				INFOPLIST_FILE = Cleanr/Info.plist;
				LD_RUNPATH_SEARCH_PATHS = (
					"$(inherited)",
					"@executable_path/Frameworks",
				);
				PRODUCT_BUNDLE_IDENTIFIER = com.vishwajeetjadeja.Cleanr;
				PRODUCT_NAME = "$(TARGET_NAME)";
				SWIFT_VERSION = 4.0;
				TARGETED_DEVICE_FAMILY = "1,2";
			};
			name = Debug;
		};
		BA8E45542110BE1300BEF918 /* Release */ = {
			isa = XCBuildConfiguration;
			baseConfigurationReference = 0E379DD12126D1B328166343 /* Pods-Cleanr.release.xcconfig */;
			buildSettings = {
				ASSETCATALOG_COMPILER_APPICON_NAME = AppIcon;
				CODE_SIGN_STYLE = Automatic;
				DEVELOPMENT_TEAM = Z7T9BXGBRN;
				INFOPLIST_FILE = Cleanr/Info.plist;
				LD_RUNPATH_SEARCH_PATHS = (
					"$(inherited)",
					"@executable_path/Frameworks",
				);
				PRODUCT_BUNDLE_IDENTIFIER = com.vishwajeetjadeja.Cleanr;
				PRODUCT_NAME = "$(TARGET_NAME)";
				SWIFT_VERSION = 4.0;
				TARGETED_DEVICE_FAMILY = "1,2";
			};
			name = Release;
		};
/* End XCBuildConfiguration section */

/* Begin XCConfigurationList section */
		BA8E453B2110BE0E00BEF918 /* Build configuration list for PBXProject "Cleanr" */ = {
			isa = XCConfigurationList;
			buildConfigurations = (
				BA8E45502110BE1300BEF918 /* Debug */,
				BA8E45512110BE1300BEF918 /* Release */,
			);
			defaultConfigurationIsVisible = 0;
			defaultConfigurationName = Release;
		};
		BA8E45522110BE1300BEF918 /* Build configuration list for PBXNativeTarget "Cleanr" */ = {
			isa = XCConfigurationList;
			buildConfigurations = (
				BA8E45532110BE1300BEF918 /* Debug */,
				BA8E45542110BE1300BEF918 /* Release */,
			);
			defaultConfigurationIsVisible = 0;
			defaultConfigurationName = Release;
		};
/* End XCConfigurationList section */
	};
	rootObject = BA8E45382110BE0E00BEF918 /* Project object */;
}
